
Microsoft Visual Studio Solution File, Format Version 12.00
# Visual Studio Version 17
VisualStudioVersion = 17.4.33103.184
MinimumVisualStudioVersion = 10.0.40219.1
Project("{FAE04EC0-301F-11D3-BF4B-00C04F79EFBC}") = "MyFirstAzureWebApp", "MyFirstAzureWebApp\MyFirstAzureWebApp.csproj", "{721CD634-5820-40B1-8696-12BB162E9593}"
EndProject
Global
	GlobalSection(SolutionConfigurationPlatforms) = preSolution
		Debug|Any CPU = Debug|Any CPU
		Release|Any CPU = Release|Any CPU
	EndGlobalSection
	GlobalSection(ProjectConfigurationPlatforms) = postSolution
		{721CD634-5820-40B1-8696-12BB162E9593}.Debug|Any CPU.ActiveCfg = Debug|Any CPU
		{721CD634-5820-40B1-8696-12BB162E9593}.Debug|Any CPU.Build.0 = Debug|Any CPU
		{721CD634-5820-40B1-8696-12BB162E9593}.Release|Any CPU.ActiveCfg = Release|Any CPU
		{721CD634-5820-40B1-8696-12BB162E9593}.Release|Any CPU.Build.0 = Release|Any CPU
	EndGlobalSection
	GlobalSection(SolutionProperties) = preSolution
		HideSolutionNode = FALSE
	EndGlobalSection
	GlobalSection(ExtensibilityGlobals) = postSolution
		SolutionGuid = {BA083CD6-12D0-4C55-BD5C-8955912DBF18}
	EndGlobalSection
EndGlobal
